
Microsoft Visual Studio Solution File, Format Version 12.00
# Visual Studio Version 17
VisualStudioVersion = 17.4.33110.190
MinimumVisualStudioVersion = 10.0.40219.1
Project("{9A19103F-16F7-4668-BE54-9A1E7A4F7556}") = "AudioEditor", "AudioEditor\AudioEditor.csproj", "{1454F7D3-54F2-45E4-B0F5-9CD24F85F239}"
EndProject
Project("{9A19103F-16F7-4668-BE54-9A1E7A4F7556}") = "AudioEditor.Core", "AudioEditor.Core\AudioEditor.Core.csproj", "{53F45D8C-E99B-4E92-B836-E20835DCB361}"
EndProject
Project("{9A19103F-16F7-4668-BE54-9A1E7A4F7556}") = "AudioEditor.Application", "AudioEditor.Application\AudioEditor.Application.csproj", "{CD4F748F-633A-490A-8DDD-EA14ECDF31A2}"
EndProject
Project("{9A19103F-16F7-4668-BE54-9A1E7A4F7556}") = "AudioEditor.Infrastructure", "AudioEditor.Infrastructure\AudioEditor.Infrastructure.csproj", "{99FC1166-D496-4337-B83A-DD63D5D66E4C}"
EndProject
Global
	GlobalSection(SolutionConfigurationPlatforms) = preSolution
		Debug|Any CPU = Debug|Any CPU
		Release|Any CPU = Release|Any CPU
	EndGlobalSection
	GlobalSection(ProjectConfigurationPlatforms) = postSolution
		{1454F7D3-54F2-45E4-B0F5-9CD24F85F239}.Debug|Any CPU.ActiveCfg = Debug|Any CPU
		{1454F7D3-54F2-45E4-B0F5-9CD24F85F239}.Debug|Any CPU.Build.0 = Debug|Any CPU
		{1454F7D3-54F2-45E4-B0F5-9CD24F85F239}.Release|Any CPU.ActiveCfg = Release|Any CPU
		{1454F7D3-54F2-45E4-B0F5-9CD24F85F239}.Release|Any CPU.Build.0 = Release|Any CPU
		{53F45D8C-E99B-4E92-B836-E20835DCB361}.Debug|Any CPU.ActiveCfg = Debug|Any CPU
		{53F45D8C-E99B-4E92-B836-E20835DCB361}.Debug|Any CPU.Build.0 = Debug|Any CPU
		{53F45D8C-E99B-4E92-B836-E20835DCB361}.Release|Any CPU.ActiveCfg = Release|Any CPU
		{53F45D8C-E99B-4E92-B836-E20835DCB361}.Release|Any CPU.Build.0 = Release|Any CPU
		{CD4F748F-633A-490A-8DDD-EA14ECDF31A2}.Debug|Any CPU.ActiveCfg = Debug|Any CPU
		{CD4F748F-633A-490A-8DDD-EA14ECDF31A2}.Debug|Any CPU.Build.0 = Debug|Any CPU
		{CD4F748F-633A-490A-8DDD-EA14ECDF31A2}.Release|Any CPU.ActiveCfg = Release|Any CPU
		{CD4F748F-633A-490A-8DDD-EA14ECDF31A2}.Release|Any CPU.Build.0 = Release|Any CPU
		{99FC1166-D496-4337-B83A-DD63D5D66E4C}.Debug|Any CPU.ActiveCfg = Debug|Any CPU
		{99FC1166-D496-4337-B83A-DD63D5D66E4C}.Debug|Any CPU.Build.0 = Debug|Any CPU
		{99FC1166-D496-4337-B83A-DD63D5D66E4C}.Release|Any CPU.ActiveCfg = Release|Any CPU
		{99FC1166-D496-4337-B83A-DD63D5D66E4C}.Release|Any CPU.Build.0 = Release|Any CPU
	EndGlobalSection
	GlobalSection(SolutionProperties) = preSolution
		HideSolutionNode = FALSE
	EndGlobalSection
	GlobalSection(ExtensibilityGlobals) = postSolution
		SolutionGuid = {79E446BF-81FE-4CA0-B32D-69E354402749}
	EndGlobalSection
EndGlobal
