
Microsoft Visual Studio Solution File, Format Version 12.00
# Visual Studio Version 17
VisualStudioVersion = 17.3.32922.545
MinimumVisualStudioVersion = 10.0.40219.1
Project("{FAE04EC0-301F-11D3-BF4B-00C04F79EFBC}") = "Arrays_Collections_Generics", "Arrays_Collections_Generics.csproj", "{A9E3D267-6014-440A-9085-E42584D1D5F5}"
EndProject
Global
	GlobalSection(SolutionConfigurationPlatforms) = preSolution
		Debug|Any CPU = Debug|Any CPU
		Release|Any CPU = Release|Any CPU
	EndGlobalSection
	GlobalSection(ProjectConfigurationPlatforms) = postSolution
		{A9E3D267-6014-440A-9085-E42584D1D5F5}.Debug|Any CPU.ActiveCfg = Debug|Any CPU
		{A9E3D267-6014-440A-9085-E42584D1D5F5}.Debug|Any CPU.Build.0 = Debug|Any CPU
		{A9E3D267-6014-440A-9085-E42584D1D5F5}.Release|Any CPU.ActiveCfg = Release|Any CPU
		{A9E3D267-6014-440A-9085-E42584D1D5F5}.Release|Any CPU.Build.0 = Release|Any CPU
	EndGlobalSection
	GlobalSection(SolutionProperties) = preSolution
		HideSolutionNode = FALSE
	EndGlobalSection
	GlobalSection(ExtensibilityGlobals) = postSolution
		SolutionGuid = {CFA80017-D7D7-4BBB-B0E4-AAD44E89A9C4}
	EndGlobalSection
EndGlobal
