
Microsoft Visual Studio Solution File, Format Version 12.00
# Visual Studio Version 17
VisualStudioVersion = 17.3.32922.545
MinimumVisualStudioVersion = 10.0.40219.1
Project("{FAE04EC0-301F-11D3-BF4B-00C04F79EFBC}") = "Singleton", "Singleton.csproj", "{39F2C595-8447-4AA0-8E04-F0B71DA08DD1}"
EndProject
Global
	GlobalSection(SolutionConfigurationPlatforms) = preSolution
		Debug|Any CPU = Debug|Any CPU
		Release|Any CPU = Release|Any CPU
	EndGlobalSection
	GlobalSection(ProjectConfigurationPlatforms) = postSolution
		{39F2C595-8447-4AA0-8E04-F0B71DA08DD1}.Debug|Any CPU.ActiveCfg = Debug|Any CPU
		{39F2C595-8447-4AA0-8E04-F0B71DA08DD1}.Debug|Any CPU.Build.0 = Debug|Any CPU
		{39F2C595-8447-4AA0-8E04-F0B71DA08DD1}.Release|Any CPU.ActiveCfg = Release|Any CPU
		{39F2C595-8447-4AA0-8E04-F0B71DA08DD1}.Release|Any CPU.Build.0 = Release|Any CPU
	EndGlobalSection
	GlobalSection(SolutionProperties) = preSolution
		HideSolutionNode = FALSE
	EndGlobalSection
	GlobalSection(ExtensibilityGlobals) = postSolution
		SolutionGuid = {549C90EA-19C1-4BFE-90FA-A96A8F98B534}
	EndGlobalSection
EndGlobal
